
Microsoft Visual Studio Solution File, Format Version 12.00
# Visual Studio Version 16
VisualStudioVersion = 16.0.31624.102
MinimumVisualStudioVersion = 10.0.40219.1
Project("{FAE04EC0-301F-11D3-BF4B-00C04F79EFBC}") = "Number of positives Sum of negatives", "Number of positives Sum of negatives\Number of positives Sum of negatives.csproj", "{55DBEDC3-7229-40DA-9969-6E8981D5EE70}"
EndProject
Global
	GlobalSection(SolutionConfigurationPlatforms) = preSolution
		Debug|Any CPU = Debug|Any CPU
		Release|Any CPU = Release|Any CPU
	EndGlobalSection
	GlobalSection(ProjectConfigurationPlatforms) = postSolution
		{55DBEDC3-7229-40DA-9969-6E8981D5EE70}.Debug|Any CPU.ActiveCfg = Debug|Any CPU
		{55DBEDC3-7229-40DA-9969-6E8981D5EE70}.Debug|Any CPU.Build.0 = Debug|Any CPU
		{55DBEDC3-7229-40DA-9969-6E8981D5EE70}.Release|Any CPU.ActiveCfg = Release|Any CPU
		{55DBEDC3-7229-40DA-9969-6E8981D5EE70}.Release|Any CPU.Build.0 = Release|Any CPU
	EndGlobalSection
	GlobalSection(SolutionProperties) = preSolution
		HideSolutionNode = FALSE
	EndGlobalSection
	GlobalSection(ExtensibilityGlobals) = postSolution
		SolutionGuid = {80EA72E4-FE0F-4FAF-9FA2-EB3CEB3DA977}
	EndGlobalSection
EndGlobal
